// !$*UTF8*$!
{
	archiveVersion = 1;
	classes = {
	};
	objectVersion = 46;
	objects = {

/* Begin PBXBuildFile section */
		1E5E79001C3057EE00CB88C8 /* AppDelegate.swift in Sources */ = {isa = PBXBuildFile; fileRef = 1E5E78FF1C3057EE00CB88C8 /* AppDelegate.swift */; };
		1E5E79021C3057EE00CB88C8 /* ViewController.swift in Sources */ = {isa = PBXBuildFile; fileRef = 1E5E79011C3057EE00CB88C8 /* ViewController.swift */; };
		1E5E79051C3057EE00CB88C8 /* Main.storyboard in Resources */ = {isa = PBXBuildFile; fileRef = 1E5E79031C3057EE00CB88C8 /* Main.storyboard */; };
		1E5E79071C3057EE00CB88C8 /* Assets.xcassets in Resources */ = {isa = PBXBuildFile; fileRef = 1E5E79061C3057EE00CB88C8 /* Assets.xcassets */; };
		1E5E790A1C3057EE00CB88C8 /* LaunchScreen.storyboard in Resources */ = {isa = PBXBuildFile; fileRef = 1E5E79081C3057EE00CB88C8 /* LaunchScreen.storyboard */; };
		1E5E79151C3057EF00CB88C8 /* tipAppTests.swift in Sources */ = {isa = PBXBuildFile; fileRef = 1E5E79141C3057EF00CB88C8 /* tipAppTests.swift */; };
		1E5E79201C3057EF00CB88C8 /* tipAppUITests.swift in Sources */ = {isa = PBXBuildFile; fileRef = 1E5E791F1C3057EF00CB88C8 /* tipAppUITests.swift */; };
/* End PBXBuildFile section */

/* Begin PBXContainerItemProxy section */
		1E5E79111C3057EF00CB88C8 /* PBXContainerItemProxy */ = {
			isa = PBXContainerItemProxy;
			containerPortal = 1E5E78F41C3057EE00CB88C8 /* Project object */;
			proxyType = 1;
			remoteGlobalIDString = 1E5E78FB1C3057EE00CB88C8;
			remoteInfo = tipApp;
		};
		1E5E791C1C3057EF00CB88C8 /* PBXContainerItemProxy */ = {
			isa = PBXContainerItemProxy;
			containerPortal = 1E5E78F41C3057EE00CB88C8 /* Project object */;
			proxyType = 1;
			remoteGlobalIDString = 1E5E78FB1C3057EE00CB88C8;
			remoteInfo = tipApp;
		};
/* End PBXContainerItemProxy section */

/* Begin PBXFileReference section */
		1E5E78FC1C3057EE00CB88C8 /* tipApp.app */ = {isa = PBXFileReference; explicitFileType = wrapper.application; includeInIndex = 0; path = tipApp.app; sourceTree = BUILT_PRODUCTS_DIR; };
		1E5E78FF1C3057EE00CB88C8 /* AppDelegate.swift */ = {isa = PBXFileReference; lastKnownFileType = sourcecode.swift; path = AppDelegate.swift; sourceTree = "<group>"; };
		1E5E79011C3057EE00CB88C8 /* ViewController.swift */ = {isa = PBXFileReference; lastKnownFileType = sourcecode.swift; path = ViewController.swift; sourceTree = "<group>"; };
		1E5E79041C3057EE00CB88C8 /* Base */ = {isa = PBXFileReference; lastKnownFileType = file.storyboard; name = Base; path = Base.lproj/Main.storyboard; sourceTree = "<group>"; };
		1E5E79061C3057EE00CB88C8 /* Assets.xcassets */ = {isa = PBXFileReference; lastKnownFileType = folder.assetcatalog; path = Assets.xcassets; sourceTree = "<group>"; };
		1E5E79091C3057EE00CB88C8 /* Base */ = {isa = PBXFileReference; lastKnownFileType = file.storyboard; name = Base; path = Base.lproj/LaunchScreen.storyboard; sourceTree = "<group>"; };
		1E5E790B1C3057EE00CB88C8 /* Info.plist */ = {isa = PBXFileReference; lastKnownFileType = text.plist.xml; path = Info.plist; sourceTree = "<group>"; };
		1E5E79101C3057EF00CB88C8 /* tipAppTests.xctest */ = {isa = PBXFileReference; explicitFileType = wrapper.cfbundle; includeInIndex = 0; path = tipAppTests.xctest; sourceTree = BUILT_PRODUCTS_DIR; };
		1E5E79141C3057EF00CB88C8 /* tipAppTests.swift */ = {isa = PBXFileReference; lastKnownFileType = sourcecode.swift; path = tipAppTests.swift; sourceTree = "<group>"; };
		1E5E79161C3057EF00CB88C8 /* Info.plist */ = {isa = PBXFileReference; lastKnownFileType = text.plist.xml; path = Info.plist; sourceTree = "<group>"; };
		1E5E791B1C3057EF00CB88C8 /* tipAppUITests.xctest */ = {isa = PBXFileReference; explicitFileType = wrapper.cfbundle; includeInIndex = 0; path = tipAppUITests.xctest; sourceTree = BUILT_PRODUCTS_DIR; };
		1E5E791F1C3057EF00CB88C8 /* tipAppUITests.swift */ = {isa = PBXFileReference; lastKnownFileType = sourcecode.swift; path = tipAppUITests.swift; sourceTree = "<group>"; };
		1E5E79211C3057EF00CB88C8 /* Info.plist */ = {isa = PBXFileReference; lastKnownFileType = text.plist.xml; path = Info.plist; sourceTree = "<group>"; };
/* End PBXFileReference section */

/* Begin PBXFrameworksBuildPhase section */
		1E5E78F91C3057EE00CB88C8 /* Frameworks */ = {
			isa = PBXFrameworksBuildPhase;
			buildActionMask = 2147483647;
			files = (
			);
			runOnlyForDeploymentPostprocessing = 0;
		};
		1E5E790D1C3057EF00CB88C8 /* Frameworks */ = {
			isa = PBXFrameworksBuildPhase;
			buildActionMask = 2147483647;
			files = (
			);
			runOnlyForDeploymentPostprocessing = 0;
		};
		1E5E79181C3057EF00CB88C8 /* Frameworks */ = {
			isa = PBXFrameworksBuildPhase;
			buildActionMask = 2147483647;
			files = (
			);
			runOnlyForDeploymentPostprocessing = 0;
		};
/* End PBXFrameworksBuildPhase section */

/* Begin PBXGroup section */
		1E5E78F31C3057EE00CB88C8 = {
			isa = PBXGroup;
			children = (
				1E5E78FE1C3057EE00CB88C8 /* tipApp */,
				1E5E79131C3057EF00CB88C8 /* tipAppTests */,
				1E5E791E1C3057EF00CB88C8 /* tipAppUITests */,
				1E5E78FD1C3057EE00CB88C8 /* Products */,
			);
			sourceTree = "<group>";
		};
		1E5E78FD1C3057EE00CB88C8 /* Products */ = {
			isa = PBXGroup;
			children = (
				1E5E78FC1C3057EE00CB88C8 /* tipApp.app */,
				1E5E79101C3057EF00CB88C8 /* tipAppTests.xctest */,
				1E5E791B1C3057EF00CB88C8 /* tipAppUITests.xctest */,
			);
			name = Products;
			sourceTree = "<group>";
		};
		1E5E78FE1C3057EE00CB88C8 /* tipApp */ = {
			isa = PBXGroup;
			children = (
				1E5E78FF1C3057EE00CB88C8 /* AppDelegate.swift */,
				1E5E79011C3057EE00CB88C8 /* ViewController.swift */,
				1E5E79031C3057EE00CB88C8 /* Main.storyboard */,
				1E5E79061C3057EE00CB88C8 /* Assets.xcassets */,
				1E5E79081C3057EE00CB88C8 /* LaunchScreen.storyboard */,
				1E5E790B1C3057EE00CB88C8 /* Info.plist */,
			);
			path = tipApp;
			sourceTree = "<group>";
		};
		1E5E79131C3057EF00CB88C8 /* tipAppTests */ = {
			isa = PBXGroup;
			children = (
				1E5E79141C3057EF00CB88C8 /* tipAppTests.swift */,
				1E5E79161C3057EF00CB88C8 /* Info.plist */,
			);
			path = tipAppTests;
			sourceTree = "<group>";
		};
		1E5E791E1C3057EF00CB88C8 /* tipAppUITests */ = {
			isa = PBXGroup;
			children = (
				1E5E791F1C3057EF00CB88C8 /* tipAppUITests.swift */,
				1E5E79211C3057EF00CB88C8 /* Info.plist */,
			);
			path = tipAppUITests;
			sourceTree = "<group>";
		};
/* End PBXGroup section */

/* Begin PBXNativeTarget section */
		1E5E78FB1C3057EE00CB88C8 /* tipApp */ = {
			isa = PBXNativeTarget;
			buildConfigurationList = 1E5E79241C3057EF00CB88C8 /* Build configuration list for PBXNativeTarget "tipApp" */;
			buildPhases = (
				1E5E78F81C3057EE00CB88C8 /* Sources */,
				1E5E78F91C3057EE00CB88C8 /* Frameworks */,
				1E5E78FA1C3057EE00CB88C8 /* Resources */,
			);
			buildRules = (
			);
			dependencies = (
			);
			name = tipApp;
			productName = tipApp;
			productReference = 1E5E78FC1C3057EE00CB88C8 /* tipApp.app */;
			productType = "com.apple.product-type.application";
		};
		1E5E790F1C3057EF00CB88C8 /* tipAppTests */ = {
			isa = PBXNativeTarget;
			buildConfigurationList = 1E5E79271C3057EF00CB88C8 /* Build configuration list for PBXNativeTarget "tipAppTests" */;
			buildPhases = (
				1E5E790C1C3057EF00CB88C8 /* Sources */,
				1E5E790D1C3057EF00CB88C8 /* Frameworks */,
				1E5E790E1C3057EF00CB88C8 /* Resources */,
			);
			buildRules = (
			);
			dependencies = (
				1E5E79121C3057EF00CB88C8 /* PBXTargetDependency */,
			);
			name = tipAppTests;
			productName = tipAppTests;
			productReference = 1E5E79101C3057EF00CB88C8 /* tipAppTests.xctest */;
			productType = "com.apple.product-type.bundle.unit-test";
		};
		1E5E791A1C3057EF00CB88C8 /* tipAppUITests */ = {
			isa = PBXNativeTarget;
			buildConfigurationList = 1E5E792A1C3057EF00CB88C8 /* Build configuration list for PBXNativeTarget "tipAppUITests" */;
			buildPhases = (
				1E5E79171C3057EF00CB88C8 /* Sources */,
				1E5E79181C3057EF00CB88C8 /* Frameworks */,
				1E5E79191C3057EF00CB88C8 /* Resources */,
			);
			buildRules = (
			);
			dependencies = (
				1E5E791D1C3057EF00CB88C8 /* PBXTargetDependency */,
			);
			name = tipAppUITests;
			productName = tipAppUITests;
			productReference = 1E5E791B1C3057EF00CB88C8 /* tipAppUITests.xctest */;
			productType = "com.apple.product-type.bundle.ui-testing";
		};
/* End PBXNativeTarget section */

/* Begin PBXProject section */
		1E5E78F41C3057EE00CB88C8 /* Project object */ = {
			isa = PBXProject;
			attributes = {
				LastSwiftUpdateCheck = 0720;
				LastUpgradeCheck = 0720;
				ORGANIZATIONNAME = "Justin Peng";
				TargetAttributes = {
					1E5E78FB1C3057EE00CB88C8 = {
						CreatedOnToolsVersion = 7.2;
					};
					1E5E790F1C3057EF00CB88C8 = {
						CreatedOnToolsVersion = 7.2;
						TestTargetID = 1E5E78FB1C3057EE00CB88C8;
					};
					1E5E791A1C3057EF00CB88C8 = {
						CreatedOnToolsVersion = 7.2;
						TestTargetID = 1E5E78FB1C3057EE00CB88C8;
					};
				};
			};
			buildConfigurationList = 1E5E78F71C3057EE00CB88C8 /* Build configuration list for PBXProject "tipApp" */;
			compatibilityVersion = "Xcode 3.2";
			developmentRegion = English;
			hasScannedForEncodings = 0;
			knownRegions = (
				en,
				Base,
			);
			mainGroup = 1E5E78F31C3057EE00CB88C8;
			productRefGroup = 1E5E78FD1C3057EE00CB88C8 /* Products */;
			projectDirPath = "";
			projectRoot = "";
			targets = (
				1E5E78FB1C3057EE00CB88C8 /* tipApp */,
				1E5E790F1C3057EF00CB88C8 /* tipAppTests */,
				1E5E791A1C3057EF00CB88C8 /* tipAppUITests */,
			);
		};
/* End PBXProject section */

/* Begin PBXResourcesBuildPhase section */
		1E5E78FA1C3057EE00CB88C8 /* Resources */ = {
			isa = PBXResourcesBuildPhase;
			buildActionMask = 2147483647;
			files = (
				1E5E790A1C3057EE00CB88C8 /* LaunchScreen.storyboard in Resources */,
				1E5E79071C3057EE00CB88C8 /* Assets.xcassets in Resources */,
				1E5E79051C3057EE00CB88C8 /* Main.storyboard in Resources */,
			);
			runOnlyForDeploymentPostprocessing = 0;
		};
		1E5E790E1C3057EF00CB88C8 /* Resources */ = {
			isa = PBXResourcesBuildPhase;
			buildActionMask = 2147483647;
			files = (
			);
			runOnlyForDeploymentPostprocessing = 0;
		};
		1E5E79191C3057EF00CB88C8 /* Resources */ = {
			isa = PBXResourcesBuildPhase;
			buildActionMask = 2147483647;
			files = (
			);
			runOnlyForDeploymentPostprocessing = 0;
		};
/* End PBXResourcesBuildPhase section */

/* Begin PBXSourcesBuildPhase section */
		1E5E78F81C3057EE00CB88C8 /* Sources */ = {
			isa = PBXSourcesBuildPhase;
			buildActionMask = 2147483647;
			files = (
				1E5E79021C3057EE00CB88C8 /* ViewController.swift in Sources */,
				1E5E79001C3057EE00CB88C8 /* AppDelegate.swift in Sources */,
			);
			runOnlyForDeploymentPostprocessing = 0;
		};
		1E5E790C1C3057EF00CB88C8 /* Sources */ = {
			isa = PBXSourcesBuildPhase;
			buildActionMask = 2147483647;
			files = (
				1E5E79151C3057EF00CB88C8 /* tipAppTests.swift in Sources */,
			);
			runOnlyForDeploymentPostprocessing = 0;
		};
		1E5E79171C3057EF00CB88C8 /* Sources */ = {
			isa = PBXSourcesBuildPhase;
			buildActionMask = 2147483647;
			files = (
				1E5E79201C3057EF00CB88C8 /* tipAppUITests.swift in Sources */,
			);
			runOnlyForDeploymentPostprocessing = 0;
		};
/* End PBXSourcesBuildPhase section */

/* Begin PBXTargetDependency section */
		1E5E79121C3057EF00CB88C8 /* PBXTargetDependency */ = {
			isa = PBXTargetDependency;
			target = 1E5E78FB1C3057EE00CB88C8 /* tipApp */;
			targetProxy = 1E5E79111C3057EF00CB88C8 /* PBXContainerItemProxy */;
		};
		1E5E791D1C3057EF00CB88C8 /* PBXTargetDependency */ = {
			isa = PBXTargetDependency;
			target = 1E5E78FB1C3057EE00CB88C8 /* tipApp */;
			targetProxy = 1E5E791C1C3057EF00CB88C8 /* PBXContainerItemProxy */;
		};
/* End PBXTargetDependency section */

/* Begin PBXVariantGroup section */
		1E5E79031C3057EE00CB88C8 /* Main.storyboard */ = {
			isa = PBXVariantGroup;
			children = (
				1E5E79041C3057EE00CB88C8 /* Base */,
			);
			name = Main.storyboard;
			sourceTree = "<group>";
		};
		1E5E79081C3057EE00CB88C8 /* LaunchScreen.storyboard */ = {
			isa = PBXVariantGroup;
			children = (
				1E5E79091C3057EE00CB88C8 /* Base */,
			);
			name = LaunchScreen.storyboard;
			sourceTree = "<group>";
		};
/* End PBXVariantGroup section */

/* Begin XCBuildConfiguration section */
		1E5E79221C3057EF00CB88C8 /* Debug */ = {
			isa = XCBuildConfiguration;
			buildSettings = {
				ALWAYS_SEARCH_USER_PATHS = NO;
				CLANG_CXX_LANGUAGE_STANDARD = "gnu++0x";
				CLANG_CXX_LIBRARY = "libc++";
				CLANG_ENABLE_MODULES = YES;
				CLANG_ENABLE_OBJC_ARC = YES;
				CLANG_WARN_BOOL_CONVERSION = YES;
				CLANG_WARN_CONSTANT_CONVERSION = YES;
				CLANG_WARN_DIRECT_OBJC_ISA_USAGE = YES_ERROR;
				CLANG_WARN_EMPTY_BODY = YES;
				CLANG_WARN_ENUM_CONVERSION = YES;
				CLANG_WARN_INT_CONVERSION = YES;
				CLANG_WARN_OBJC_ROOT_CLASS = YES_ERROR;
				CLANG_WARN_UNREACHABLE_CODE = YES;
				CLANG_WARN__DUPLICATE_METHOD_MATCH = YES;
				"CODE_SIGN_IDENTITY[sdk=iphoneos*]" = "iPhone Developer";
				COPY_PHASE_STRIP = NO;
				DEBUG_INFORMATION_FORMAT = dwarf;
				ENABLE_STRICT_OBJC_MSGSEND = YES;
				ENABLE_TESTABILITY = YES;
				GCC_C_LANGUAGE_STANDARD = gnu99;
				GCC_DYNAMIC_NO_PIC = NO;
				GCC_NO_COMMON_BLOCKS = YES;
				GCC_OPTIMIZATION_LEVEL = 0;
				GCC_PREPROCESSOR_DEFINITIONS = (
					"DEBUG=1",
					"$(inherited)",
				);
				GCC_WARN_64_TO_32_BIT_CONVERSION = YES;
				GCC_WARN_ABOUT_RETURN_TYPE = YES_ERROR;
				GCC_WARN_UNDECLARED_SELECTOR = YES;
				GCC_WARN_UNINITIALIZED_AUTOS = YES_AGGRESSIVE;
				GCC_WARN_UNUSED_FUNCTION = YES;
				GCC_WARN_UNUSED_VARIABLE = YES;
				IPHONEOS_DEPLOYMENT_TARGET = 9.2;
				MTL_ENABLE_DEBUG_INFO = YES;
				ONLY_ACTIVE_ARCH = YES;
				SDKROOT = iphoneos;
				SWIFT_OPTIMIZATION_LEVEL = "-Onone";
				TARGETED_DEVICE_FAMILY = "1,2";
			};
			name = Debug;
		};
		1E5E79231C3057EF00CB88C8 /* Release */ = {
			isa = XCBuildConfiguration;
			buildSettings = {
				ALWAYS_SEARCH_USER_PATHS = NO;
				CLANG_CXX_LANGUAGE_STANDARD = "gnu++0x";
				CLANG_CXX_LIBRARY = "libc++";
				CLANG_ENABLE_MODULES = YES;
				CLANG_ENABLE_OBJC_ARC = YES;
				CLANG_WARN_BOOL_CONVERSION = YES;
				CLANG_WARN_CONSTANT_CONVERSION = YES;
				CLANG_WARN_DIRECT_OBJC_ISA_USAGE = YES_ERROR;
				CLANG_WARN_EMPTY_BODY = YES;
				CLANG_WARN_ENUM_CONVERSION = YES;
				CLANG_WARN_INT_CONVERSION = YES;
				CLANG_WARN_OBJC_ROOT_CLASS = YES_ERROR;
				CLANG_WARN_UNREACHABLE_CODE = YES;
				CLANG_WARN__DUPLICATE_METHOD_MATCH = YES;
				"CODE_SIGN_IDENTITY[sdk=iphoneos*]" = "iPhone Developer";
				COPY_PHASE_STRIP = NO;
				DEBUG_INFORMATION_FORMAT = "dwarf-with-dsym";
				ENABLE_NS_ASSERTIONS = NO;
				ENABLE_STRICT_OBJC_MSGSEND = YES;
				GCC_C_LANGUAGE_STANDARD = gnu99;
				GCC_NO_COMMON_BLOCKS = YES;
				GCC_WARN_64_TO_32_BIT_CONVERSION = YES;
				GCC_WARN_ABOUT_RETURN_TYPE = YES_ERROR;
				GCC_WARN_UNDECLARED_SELECTOR = YES;
				GCC_WARN_UNINITIALIZED_AUTOS = YES_AGGRESSIVE;
				GCC_WARN_UNUSED_FUNCTION = YES;
				GCC_WARN_UNUSED_VARIABLE = YES;
				IPHONEOS_DEPLOYMENT_TARGET = 9.2;
				MTL_ENABLE_DEBUG_INFO = NO;
				SDKROOT = iphoneos;
				TARGETED_DEVICE_FAMILY = "1,2";
				VALIDATE_PRODUCT = YES;
			};
			name = Release;
		};
		1E5E79251C3057EF00CB88C8 /* Debug */ = {
			isa = XCBuildConfiguration;
			buildSettings = {
				ASSETCATALOG_COMPILER_APPICON_NAME = AppIcon;
				INFOPLIST_FILE = tipApp/Info.plist;
				IPHONEOS_DEPLOYMENT_TARGET = 9.0;
				LD_RUNPATH_SEARCH_PATHS = "$(inherited) @executable_path/Frameworks";
				PRODUCT_BUNDLE_IDENTIFIER = com.jpeng.tipApp;
				PRODUCT_NAME = "$(TARGET_NAME)";
			};
			name = Debug;
		};
		1E5E79261C3057EF00CB88C8 /* Release */ = {
			isa = XCBuildConfiguration;
			buildSettings = {
				ASSETCATALOG_COMPILER_APPICON_NAME = AppIcon;
				INFOPLIST_FILE = tipApp/Info.plist;
				IPHONEOS_DEPLOYMENT_TARGET = 9.0;
				LD_RUNPATH_SEARCH_PATHS = "$(inherited) @executable_path/Frameworks";
				PRODUCT_BUNDLE_IDENTIFIER = com.jpeng.tipApp;
				PRODUCT_NAME = "$(TARGET_NAME)";
			};
			name = Release;
		};
		1E5E79281C3057EF00CB88C8 /* Debug */ = {
			isa = XCBuildConfiguration;
			buildSettings = {
				BUNDLE_LOADER = "$(TEST_HOST)";
				INFOPLIST_FILE = tipAppTests/Info.plist;
				LD_RUNPATH_SEARCH_PATHS = "$(inherited) @executable_path/Frameworks @loader_path/Frameworks";
				PRODUCT_BUNDLE_IDENTIFIER = com.jpeng.tipAppTests;
				PRODUCT_NAME = "$(TARGET_NAME)";
				TEST_HOST = "$(BUILT_PRODUCTS_DIR)/tipApp.app/tipApp";
			};
			name = Debug;
		};
		1E5E79291C3057EF00CB88C8 /* Release */ = {
			isa = XCBuildConfiguration;
			buildSettings = {
				BUNDLE_LOADER = "$(TEST_HOST)";
				INFOPLIST_FILE = tipAppTests/Info.plist;
				LD_RUNPATH_SEARCH_PATHS = "$(inherited) @executable_path/Frameworks @loader_path/Frameworks";
				PRODUCT_BUNDLE_IDENTIFIER = com.jpeng.tipAppTests;
				PRODUCT_NAME = "$(TARGET_NAME)";
				TEST_HOST = "$(BUILT_PRODUCTS_DIR)/tipApp.app/tipApp";
			};
			name = Release;
		};
		1E5E792B1C3057EF00CB88C8 /* Debug */ = {
			isa = XCBuildConfiguration;
			buildSettings = {
				INFOPLIST_FILE = tipAppUITests/Info.plist;
				LD_RUNPATH_SEARCH_PATHS = "$(inherited) @executable_path/Frameworks @loader_path/Frameworks";
				PRODUCT_BUNDLE_IDENTIFIER = com.jpeng.tipAppUITests;
				PRODUCT_NAME = "$(TARGET_NAME)";
				TEST_TARGET_NAME = tipApp;
				USES_XCTRUNNER = YES;
			};
			name = Debug;
		};
		1E5E792C1C3057EF00CB88C8 /* Release */ = {
			isa = XCBuildConfiguration;
			buildSettings = {
				INFOPLIST_FILE = tipAppUITests/Info.plist;
				LD_RUNPATH_SEARCH_PATHS = "$(inherited) @executable_path/Frameworks @loader_path/Frameworks";
				PRODUCT_BUNDLE_IDENTIFIER = com.jpeng.tipAppUITests;
				PRODUCT_NAME = "$(TARGET_NAME)";
				TEST_TARGET_NAME = tipApp;
				USES_XCTRUNNER = YES;
			};
			name = Release;
		};
/* End XCBuildConfiguration section */

/* Begin XCConfigurationList section */
		1E5E78F71C3057EE00CB88C8 /* Build configuration list for PBXProject "tipApp" */ = {
			isa = XCConfigurationList;
			buildConfigurations = (
				1E5E79221C3057EF00CB88C8 /* Debug */,
				1E5E79231C3057EF00CB88C8 /* Release */,
			);
			defaultConfigurationIsVisible = 0;
			defaultConfigurationName = Release;
		};
		1E5E79241C3057EF00CB88C8 /* Build configuration list for PBXNativeTarget "tipApp" */ = {
			isa = XCConfigurationList;
			buildConfigurations = (
				1E5E79251C3057EF00CB88C8 /* Debug */,
				1E5E79261C3057EF00CB88C8 /* Release */,
			);
			defaultConfigurationIsVisible = 0;
		};
		1E5E79271C3057EF00CB88C8 /* Build configuration list for PBXNativeTarget "tipAppTests" */ = {
			isa = XCConfigurationList;
			buildConfigurations = (
				1E5E79281C3057EF00CB88C8 /* Debug */,
				1E5E79291C3057EF00CB88C8 /* Release */,
			);
			defaultConfigurationIsVisible = 0;
		};
		1E5E792A1C3057EF00CB88C8 /* Build configuration list for PBXNativeTarget "tipAppUITests" */ = {
			isa = XCConfigurationList;
			buildConfigurations = (
				1E5E792B1C3057EF00CB88C8 /* Debug */,
				1E5E792C1C3057EF00CB88C8 /* Release */,
			);
			defaultConfigurationIsVisible = 0;
		};
/* End XCConfigurationList section */
	};
	rootObject = 1E5E78F41C3057EE00CB88C8 /* Project object */;
}
